{
  "name": "ld48",
  "version": "1.0.0",
  "lockfileVersion": 2,
  "requires": true,
  "packages": {
    "": {
      "version": "1.0.0",
      "license": "ISC",
      "devDependencies": {
        "esbuild": "^0.11.13",
        "prettier": "^2.2.1"
      }
    },
    "node_modules/esbuild": {
      "version": "0.11.13",
      "resolved": "https://registry.npmjs.org/esbuild/-/esbuild-0.11.13.tgz",
      "integrity": "sha512-d5coY4dd4rVWle0WzrR8+32ukKtZroVJ/wJzOwbBEmoSFB/H3QME0l+3IAN5Sf3LtuoUSivdv1/b5rD7OykXeg==",
      "dev": true,
      "hasInstallScript": true,
      "bin": {
        "esbuild": "bin/esbuild"
      }
    },
    "node_modules/prettier": {
      "version": "2.2.1",
      "resolved": "https://registry.npmjs.org/prettier/-/prettier-2.2.1.tgz",
      "integrity": "sha512-PqyhM2yCjg/oKkFPtTGUojv7gnZAoG80ttl45O6x2Ug/rMJw4wcc9k6aaf2hibP7BGVCCM33gZoGjyvt9mm16Q==",
      "dev": true,
      "bin": {
        "prettier": "bin-prettier.js"
      },
      "engines": {
        "node": ">=10.13.0"
      }
    }
  },
  "dependencies": {
    "esbuild": {
      "version": "0.11.13",
      "resolved": "https://registry.npmjs.org/esbuild/-/esbuild-0.11.13.tgz",
      "integrity": "sha512-d5coY4dd4rVWle0WzrR8+32ukKtZroVJ/wJzOwbBEmoSFB/H3QME0l+3IAN5Sf3LtuoUSivdv1/b5rD7OykXeg==",
      "dev": true
    },
    "prettier": {
      "version": "2.2.1",
      "resolved": "https://registry.npmjs.org/prettier/-/prettier-2.2.1.tgz",
      "integrity": "sha512-PqyhM2yCjg/oKkFPtTGUojv7gnZAoG80ttl45O6x2Ug/rMJw4wcc9k6aaf2hibP7BGVCCM33gZoGjyvt9mm16Q==",
      "dev": true
    }
  }
}
